
Microsoft Visual Studio Solution File, Format Version 12.00
# Visual Studio Version 16
VisualStudioVersion = 16.0.29509.3
MinimumVisualStudioVersion = 10.0.40219.1
Project("{FAE04EC0-301F-11D3-BF4B-00C04F79EFBC}") = "Dungeon Crawler", "Dungeon Crawler\Dungeon Crawler.csproj", "{12D40FB9-ED4A-43C7-8D96-035CDE87632B}"
EndProject
Project("{FAE04EC0-301F-11D3-BF4B-00C04F79EFBC}") = "Dungeon Crawler Fixed", "Dungeon Crawler Fixed\Dungeon Crawler Fixed.csproj", "{CFA8C78F-8BAE-46D5-A5F0-36D61F769ACC}"
EndProject
Global
	GlobalSection(SolutionConfigurationPlatforms) = preSolution
		Debug|Any CPU = Debug|Any CPU
		Release|Any CPU = Release|Any CPU
	EndGlobalSection
	GlobalSection(ProjectConfigurationPlatforms) = postSolution
		{12D40FB9-ED4A-43C7-8D96-035CDE87632B}.Debug|Any CPU.ActiveCfg = Debug|Any CPU
		{12D40FB9-ED4A-43C7-8D96-035CDE87632B}.Debug|Any CPU.Build.0 = Debug|Any CPU
		{12D40FB9-ED4A-43C7-8D96-035CDE87632B}.Release|Any CPU.ActiveCfg = Release|Any CPU
		{12D40FB9-ED4A-43C7-8D96-035CDE87632B}.Release|Any CPU.Build.0 = Release|Any CPU
		{CFA8C78F-8BAE-46D5-A5F0-36D61F769ACC}.Debug|Any CPU.ActiveCfg = Debug|Any CPU
		{CFA8C78F-8BAE-46D5-A5F0-36D61F769ACC}.Debug|Any CPU.Build.0 = Debug|Any CPU
		{CFA8C78F-8BAE-46D5-A5F0-36D61F769ACC}.Release|Any CPU.ActiveCfg = Release|Any CPU
		{CFA8C78F-8BAE-46D5-A5F0-36D61F769ACC}.Release|Any CPU.Build.0 = Release|Any CPU
	EndGlobalSection
	GlobalSection(SolutionProperties) = preSolution
		HideSolutionNode = FALSE
	EndGlobalSection
	GlobalSection(ExtensibilityGlobals) = postSolution
		SolutionGuid = {BA2F775C-2123-43F0-A1A6-1AAF5DD6127E}
	EndGlobalSection
EndGlobal
