
Microsoft Visual Studio Solution File, Format Version 12.00
# Visual Studio Version 16
VisualStudioVersion = 16.0.30523.141
MinimumVisualStudioVersion = 10.0.40219.1
Project("{FAE04EC0-301F-11D3-BF4B-00C04F79EFBC}") = "Viking Rejser Eksamen", "Viking Rejser Eksamen\Viking Rejser Eksamen.csproj", "{733B2E4E-F009-4290-A1D9-1903F4C7CC26}"
EndProject
Project("{FAE04EC0-301F-11D3-BF4B-00C04F79EFBC}") = "UnitTest", "UnitTest\UnitTest.csproj", "{B2A5D3E5-6904-4FC4-91FA-4179C7C0C185}"
EndProject
Global
	GlobalSection(SolutionConfigurationPlatforms) = preSolution
		Debug|Any CPU = Debug|Any CPU
		Release|Any CPU = Release|Any CPU
	EndGlobalSection
	GlobalSection(ProjectConfigurationPlatforms) = postSolution
		{733B2E4E-F009-4290-A1D9-1903F4C7CC26}.Debug|Any CPU.ActiveCfg = Debug|Any CPU
		{733B2E4E-F009-4290-A1D9-1903F4C7CC26}.Debug|Any CPU.Build.0 = Debug|Any CPU
		{733B2E4E-F009-4290-A1D9-1903F4C7CC26}.Release|Any CPU.ActiveCfg = Release|Any CPU
		{733B2E4E-F009-4290-A1D9-1903F4C7CC26}.Release|Any CPU.Build.0 = Release|Any CPU
		{B2A5D3E5-6904-4FC4-91FA-4179C7C0C185}.Debug|Any CPU.ActiveCfg = Debug|Any CPU
		{B2A5D3E5-6904-4FC4-91FA-4179C7C0C185}.Debug|Any CPU.Build.0 = Debug|Any CPU
		{B2A5D3E5-6904-4FC4-91FA-4179C7C0C185}.Release|Any CPU.ActiveCfg = Release|Any CPU
		{B2A5D3E5-6904-4FC4-91FA-4179C7C0C185}.Release|Any CPU.Build.0 = Release|Any CPU
	EndGlobalSection
	GlobalSection(SolutionProperties) = preSolution
		HideSolutionNode = FALSE
	EndGlobalSection
	GlobalSection(ExtensibilityGlobals) = postSolution
		SolutionGuid = {5BFE2BAC-2CED-4501-A6CD-95F9AC43D012}
	EndGlobalSection
EndGlobal
