
Microsoft Visual Studio Solution File, Format Version 12.00
# Visual Studio Version 16
VisualStudioVersion = 16.0.29509.3
MinimumVisualStudioVersion = 10.0.40219.1
Project("{FAE04EC0-301F-11D3-BF4B-00C04F79EFBC}") = "Morris the miner", "Morris the miner\Morris the miner.csproj", "{2D243383-31B6-41E7-A61B-A8F92620FD5C}"
EndProject
Project("{FAE04EC0-301F-11D3-BF4B-00C04F79EFBC}") = "Solution 2", "Solution 2\Solution 2.csproj", "{B3BD3357-2398-4CCD-9B31-62E17C383073}"
EndProject
Global
	GlobalSection(SolutionConfigurationPlatforms) = preSolution
		Debug|Any CPU = Debug|Any CPU
		Release|Any CPU = Release|Any CPU
	EndGlobalSection
	GlobalSection(ProjectConfigurationPlatforms) = postSolution
		{2D243383-31B6-41E7-A61B-A8F92620FD5C}.Debug|Any CPU.ActiveCfg = Debug|Any CPU
		{2D243383-31B6-41E7-A61B-A8F92620FD5C}.Debug|Any CPU.Build.0 = Debug|Any CPU
		{2D243383-31B6-41E7-A61B-A8F92620FD5C}.Release|Any CPU.ActiveCfg = Release|Any CPU
		{2D243383-31B6-41E7-A61B-A8F92620FD5C}.Release|Any CPU.Build.0 = Release|Any CPU
		{B3BD3357-2398-4CCD-9B31-62E17C383073}.Debug|Any CPU.ActiveCfg = Debug|Any CPU
		{B3BD3357-2398-4CCD-9B31-62E17C383073}.Debug|Any CPU.Build.0 = Debug|Any CPU
		{B3BD3357-2398-4CCD-9B31-62E17C383073}.Release|Any CPU.ActiveCfg = Release|Any CPU
		{B3BD3357-2398-4CCD-9B31-62E17C383073}.Release|Any CPU.Build.0 = Release|Any CPU
	EndGlobalSection
	GlobalSection(SolutionProperties) = preSolution
		HideSolutionNode = FALSE
	EndGlobalSection
	GlobalSection(ExtensibilityGlobals) = postSolution
		SolutionGuid = {0FA4DCF1-82FE-4D33-9CBE-A2621E45D0A8}
	EndGlobalSection
EndGlobal
