
Microsoft Visual Studio Solution File, Format Version 12.00
# Visual Studio Version 16
VisualStudioVersion = 16.0.29509.3
MinimumVisualStudioVersion = 10.0.40219.1
Project("{FAE04EC0-301F-11D3-BF4B-00C04F79EFBC}") = "For just messing about", "For just messing about\For just messing about.csproj", "{505D155C-D444-4AB0-ACBF-8F9572151692}"
EndProject
Project("{FAE04EC0-301F-11D3-BF4B-00C04F79EFBC}") = "Console spil", "Console spil\Console spil.csproj", "{130ED610-C1CE-4371-8962-6F46F09D3C24}"
EndProject
Global
	GlobalSection(SolutionConfigurationPlatforms) = preSolution
		Debug|Any CPU = Debug|Any CPU
		Release|Any CPU = Release|Any CPU
	EndGlobalSection
	GlobalSection(ProjectConfigurationPlatforms) = postSolution
		{505D155C-D444-4AB0-ACBF-8F9572151692}.Debug|Any CPU.ActiveCfg = Debug|Any CPU
		{505D155C-D444-4AB0-ACBF-8F9572151692}.Debug|Any CPU.Build.0 = Debug|Any CPU
		{505D155C-D444-4AB0-ACBF-8F9572151692}.Release|Any CPU.ActiveCfg = Release|Any CPU
		{505D155C-D444-4AB0-ACBF-8F9572151692}.Release|Any CPU.Build.0 = Release|Any CPU
		{130ED610-C1CE-4371-8962-6F46F09D3C24}.Debug|Any CPU.ActiveCfg = Debug|Any CPU
		{130ED610-C1CE-4371-8962-6F46F09D3C24}.Debug|Any CPU.Build.0 = Debug|Any CPU
		{130ED610-C1CE-4371-8962-6F46F09D3C24}.Release|Any CPU.ActiveCfg = Release|Any CPU
		{130ED610-C1CE-4371-8962-6F46F09D3C24}.Release|Any CPU.Build.0 = Release|Any CPU
	EndGlobalSection
	GlobalSection(SolutionProperties) = preSolution
		HideSolutionNode = FALSE
	EndGlobalSection
	GlobalSection(ExtensibilityGlobals) = postSolution
		SolutionGuid = {6F355251-342D-4395-9888-C2C90739CF65}
	EndGlobalSection
EndGlobal
