
Microsoft Visual Studio Solution File, Format Version 12.00
# Visual Studio Version 16
VisualStudioVersion = 16.0.30804.86
MinimumVisualStudioVersion = 10.0.40219.1
Project("{FAE04EC0-301F-11D3-BF4B-00C04F79EFBC}") = "FornavnEfternavn.WpfItemsControls", "FornavnEfternavn.WpfItemsControls\FornavnEfternavn.WpfItemsControls.csproj", "{BED036A0-1884-4255-8338-E34BC6BC48B9}"
EndProject
Project("{FAE04EC0-301F-11D3-BF4B-00C04F79EFBC}") = "FornavnEfternavn.WpfItemsControls.Exercise1", "FornavnEfternavn.WpfItemsControls.Exercise1\FornavnEfternavn.WpfItemsControls.Exercise1.csproj", "{212A3170-375E-48FB-BF5A-56909FB452D1}"
EndProject
Global
	GlobalSection(SolutionConfigurationPlatforms) = preSolution
		Debug|Any CPU = Debug|Any CPU
		Release|Any CPU = Release|Any CPU
	EndGlobalSection
	GlobalSection(ProjectConfigurationPlatforms) = postSolution
		{BED036A0-1884-4255-8338-E34BC6BC48B9}.Debug|Any CPU.ActiveCfg = Debug|Any CPU
		{BED036A0-1884-4255-8338-E34BC6BC48B9}.Debug|Any CPU.Build.0 = Debug|Any CPU
		{BED036A0-1884-4255-8338-E34BC6BC48B9}.Release|Any CPU.ActiveCfg = Release|Any CPU
		{BED036A0-1884-4255-8338-E34BC6BC48B9}.Release|Any CPU.Build.0 = Release|Any CPU
		{212A3170-375E-48FB-BF5A-56909FB452D1}.Debug|Any CPU.ActiveCfg = Debug|Any CPU
		{212A3170-375E-48FB-BF5A-56909FB452D1}.Debug|Any CPU.Build.0 = Debug|Any CPU
		{212A3170-375E-48FB-BF5A-56909FB452D1}.Release|Any CPU.ActiveCfg = Release|Any CPU
		{212A3170-375E-48FB-BF5A-56909FB452D1}.Release|Any CPU.Build.0 = Release|Any CPU
	EndGlobalSection
	GlobalSection(SolutionProperties) = preSolution
		HideSolutionNode = FALSE
	EndGlobalSection
	GlobalSection(ExtensibilityGlobals) = postSolution
		SolutionGuid = {8739ECB7-92DA-46EA-9172-6227767AD65B}
	EndGlobalSection
EndGlobal
