
Microsoft Visual Studio Solution File, Format Version 12.00
# Visual Studio Version 16
VisualStudioVersion = 16.0.29509.3
MinimumVisualStudioVersion = 10.0.40219.1
Project("{FAE04EC0-301F-11D3-BF4B-00C04F79EFBC}") = "Car classes", "Car classes\Car classes.csproj", "{A10AD981-7CEC-4CC2-9A10-D0A726932EFA}"
EndProject
Global
	GlobalSection(SolutionConfigurationPlatforms) = preSolution
		Debug|Any CPU = Debug|Any CPU
		Release|Any CPU = Release|Any CPU
	EndGlobalSection
	GlobalSection(ProjectConfigurationPlatforms) = postSolution
		{A10AD981-7CEC-4CC2-9A10-D0A726932EFA}.Debug|Any CPU.ActiveCfg = Debug|Any CPU
		{A10AD981-7CEC-4CC2-9A10-D0A726932EFA}.Debug|Any CPU.Build.0 = Debug|Any CPU
		{A10AD981-7CEC-4CC2-9A10-D0A726932EFA}.Release|Any CPU.ActiveCfg = Release|Any CPU
		{A10AD981-7CEC-4CC2-9A10-D0A726932EFA}.Release|Any CPU.Build.0 = Release|Any CPU
	EndGlobalSection
	GlobalSection(SolutionProperties) = preSolution
		HideSolutionNode = FALSE
	EndGlobalSection
	GlobalSection(ExtensibilityGlobals) = postSolution
		SolutionGuid = {79F1A071-67F6-4A0C-B065-19D43A634A99}
	EndGlobalSection
EndGlobal
