
Microsoft Visual Studio Solution File, Format Version 12.00
# Visual Studio Version 16
VisualStudioVersion = 16.0.30523.141
MinimumVisualStudioVersion = 10.0.40219.1
Project("{FAE04EC0-301F-11D3-BF4B-00C04F79EFBC}") = "UI", "UI\UI.csproj", "{1295C160-0705-4C90-BC43-364439B749BA}"
EndProject
Project("{FAE04EC0-301F-11D3-BF4B-00C04F79EFBC}") = "Entities", "Entities\Entities.csproj", "{74B804B1-F94B-4213-B2AC-3FD17DD64D9E}"
EndProject
Project("{FAE04EC0-301F-11D3-BF4B-00C04F79EFBC}") = "Dataaccess", "Dataaccess\Dataaccess.csproj", "{CB9C2780-E014-46DF-9C89-376C0EBB8115}"
EndProject
Project("{00D1A9C2-B5F0-4AF3-8072-F6C62B433612}") = "TestDatabase", "TestDatabase\TestDatabase.sqlproj", "{12A024EF-4FB8-4A24-806D-B893A619A65A}"
EndProject
Global
	GlobalSection(SolutionConfigurationPlatforms) = preSolution
		Debug|Any CPU = Debug|Any CPU
		Release|Any CPU = Release|Any CPU
	EndGlobalSection
	GlobalSection(ProjectConfigurationPlatforms) = postSolution
		{1295C160-0705-4C90-BC43-364439B749BA}.Debug|Any CPU.ActiveCfg = Debug|Any CPU
		{1295C160-0705-4C90-BC43-364439B749BA}.Debug|Any CPU.Build.0 = Debug|Any CPU
		{1295C160-0705-4C90-BC43-364439B749BA}.Release|Any CPU.ActiveCfg = Release|Any CPU
		{1295C160-0705-4C90-BC43-364439B749BA}.Release|Any CPU.Build.0 = Release|Any CPU
		{74B804B1-F94B-4213-B2AC-3FD17DD64D9E}.Debug|Any CPU.ActiveCfg = Debug|Any CPU
		{74B804B1-F94B-4213-B2AC-3FD17DD64D9E}.Debug|Any CPU.Build.0 = Debug|Any CPU
		{74B804B1-F94B-4213-B2AC-3FD17DD64D9E}.Release|Any CPU.ActiveCfg = Release|Any CPU
		{74B804B1-F94B-4213-B2AC-3FD17DD64D9E}.Release|Any CPU.Build.0 = Release|Any CPU
		{CB9C2780-E014-46DF-9C89-376C0EBB8115}.Debug|Any CPU.ActiveCfg = Debug|Any CPU
		{CB9C2780-E014-46DF-9C89-376C0EBB8115}.Debug|Any CPU.Build.0 = Debug|Any CPU
		{CB9C2780-E014-46DF-9C89-376C0EBB8115}.Release|Any CPU.ActiveCfg = Release|Any CPU
		{CB9C2780-E014-46DF-9C89-376C0EBB8115}.Release|Any CPU.Build.0 = Release|Any CPU
		{12A024EF-4FB8-4A24-806D-B893A619A65A}.Debug|Any CPU.ActiveCfg = Debug|Any CPU
		{12A024EF-4FB8-4A24-806D-B893A619A65A}.Debug|Any CPU.Build.0 = Debug|Any CPU
		{12A024EF-4FB8-4A24-806D-B893A619A65A}.Debug|Any CPU.Deploy.0 = Debug|Any CPU
		{12A024EF-4FB8-4A24-806D-B893A619A65A}.Release|Any CPU.ActiveCfg = Release|Any CPU
		{12A024EF-4FB8-4A24-806D-B893A619A65A}.Release|Any CPU.Build.0 = Release|Any CPU
		{12A024EF-4FB8-4A24-806D-B893A619A65A}.Release|Any CPU.Deploy.0 = Release|Any CPU
	EndGlobalSection
	GlobalSection(SolutionProperties) = preSolution
		HideSolutionNode = FALSE
	EndGlobalSection
	GlobalSection(ExtensibilityGlobals) = postSolution
		SolutionGuid = {60BB99E8-7FE4-447A-8B7D-BACC20EE45CC}
	EndGlobalSection
EndGlobal
