
Microsoft Visual Studio Solution File, Format Version 12.00
# Visual Studio Version 16
VisualStudioVersion = 16.0.30523.141
MinimumVisualStudioVersion = 10.0.40219.1
Project("{FAE04EC0-301F-11D3-BF4B-00C04F79EFBC}") = "WebAPI-WeatherApp", "WebAPI-WeatherApp\WebAPI-WeatherApp.csproj", "{2C419C85-6A3E-4C54-9B2F-74F751608122}"
EndProject
Global
	GlobalSection(SolutionConfigurationPlatforms) = preSolution
		Debug|Any CPU = Debug|Any CPU
		Release|Any CPU = Release|Any CPU
	EndGlobalSection
	GlobalSection(ProjectConfigurationPlatforms) = postSolution
		{2C419C85-6A3E-4C54-9B2F-74F751608122}.Debug|Any CPU.ActiveCfg = Debug|Any CPU
		{2C419C85-6A3E-4C54-9B2F-74F751608122}.Debug|Any CPU.Build.0 = Debug|Any CPU
		{2C419C85-6A3E-4C54-9B2F-74F751608122}.Release|Any CPU.ActiveCfg = Release|Any CPU
		{2C419C85-6A3E-4C54-9B2F-74F751608122}.Release|Any CPU.Build.0 = Release|Any CPU
	EndGlobalSection
	GlobalSection(SolutionProperties) = preSolution
		HideSolutionNode = FALSE
	EndGlobalSection
	GlobalSection(ExtensibilityGlobals) = postSolution
		SolutionGuid = {AFEF243B-2B78-4C93-B374-10565DD9F2B8}
	EndGlobalSection
EndGlobal
