
Microsoft Visual Studio Solution File, Format Version 12.00
# Visual Studio Version 16
VisualStudioVersion = 16.0.30523.141
MinimumVisualStudioVersion = 10.0.40219.1
Project("{FAE04EC0-301F-11D3-BF4B-00C04F79EFBC}") = "Aggregation og Composition", "Aggregation og Composition\Aggregation og Composition.csproj", "{3E5158E2-9A79-498A-AE43-D56FD1C34AA3}"
EndProject
Project("{FAE04EC0-301F-11D3-BF4B-00C04F79EFBC}") = "UnitTesting", "UnitTesting\UnitTesting.csproj", "{D1C19C09-83C3-4F54-B7DE-1DF72E57A38F}"
EndProject
Global
	GlobalSection(SolutionConfigurationPlatforms) = preSolution
		Debug|Any CPU = Debug|Any CPU
		Release|Any CPU = Release|Any CPU
	EndGlobalSection
	GlobalSection(ProjectConfigurationPlatforms) = postSolution
		{3E5158E2-9A79-498A-AE43-D56FD1C34AA3}.Debug|Any CPU.ActiveCfg = Debug|Any CPU
		{3E5158E2-9A79-498A-AE43-D56FD1C34AA3}.Debug|Any CPU.Build.0 = Debug|Any CPU
		{3E5158E2-9A79-498A-AE43-D56FD1C34AA3}.Release|Any CPU.ActiveCfg = Release|Any CPU
		{3E5158E2-9A79-498A-AE43-D56FD1C34AA3}.Release|Any CPU.Build.0 = Release|Any CPU
		{D1C19C09-83C3-4F54-B7DE-1DF72E57A38F}.Debug|Any CPU.ActiveCfg = Debug|Any CPU
		{D1C19C09-83C3-4F54-B7DE-1DF72E57A38F}.Debug|Any CPU.Build.0 = Debug|Any CPU
		{D1C19C09-83C3-4F54-B7DE-1DF72E57A38F}.Release|Any CPU.ActiveCfg = Release|Any CPU
		{D1C19C09-83C3-4F54-B7DE-1DF72E57A38F}.Release|Any CPU.Build.0 = Release|Any CPU
	EndGlobalSection
	GlobalSection(SolutionProperties) = preSolution
		HideSolutionNode = FALSE
	EndGlobalSection
	GlobalSection(ExtensibilityGlobals) = postSolution
		SolutionGuid = {FBB952D8-15B5-413C-BAAB-9ECC78DC5FF6}
	EndGlobalSection
EndGlobal
